
Microsoft Visual Studio Solution File, Format Version 12.00
# Visual Studio Version 16
VisualStudioVersion = 16.0.29230.47
MinimumVisualStudioVersion = 10.0.40219.1
Project("{FAE04EC0-301F-11D3-BF4B-00C04F79EFBC}") = "HW_KPLP_Task3", "HW_KPLP_Task3\HW_KPLP_Task3.csproj", "{79ACB910-73AC-41B6-8DB4-D63469F0F1C6}"
EndProject
Project("{9A19103F-16F7-4668-BE54-9A1E7A4F7556}") = "FigureLib", "FigureLib\FigureLib.csproj", "{45498084-6EA0-4C63-A6F8-5299F2E4B66C}"
EndProject
Project("{9A19103F-16F7-4668-BE54-9A1E7A4F7556}") = "ConsoleInterface", "ConsoleInterface\ConsoleInterface.csproj", "{442B587D-908D-42E1-95BC-6DA1C980E611}"
EndProject
Project("{FAE04EC0-301F-11D3-BF4B-00C04F79EFBC}") = "WpfInterface", "WpfInterface\WpfInterface.csproj", "{4274E399-6696-4FC6-A4DC-65B76D9D16C0}"
EndProject
Global
	GlobalSection(SolutionConfigurationPlatforms) = preSolution
		Debug|Any CPU = Debug|Any CPU
		Release|Any CPU = Release|Any CPU
	EndGlobalSection
	GlobalSection(ProjectConfigurationPlatforms) = postSolution
		{79ACB910-73AC-41B6-8DB4-D63469F0F1C6}.Debug|Any CPU.ActiveCfg = Debug|Any CPU
		{79ACB910-73AC-41B6-8DB4-D63469F0F1C6}.Debug|Any CPU.Build.0 = Debug|Any CPU
		{79ACB910-73AC-41B6-8DB4-D63469F0F1C6}.Release|Any CPU.ActiveCfg = Release|Any CPU
		{79ACB910-73AC-41B6-8DB4-D63469F0F1C6}.Release|Any CPU.Build.0 = Release|Any CPU
		{45498084-6EA0-4C63-A6F8-5299F2E4B66C}.Debug|Any CPU.ActiveCfg = Debug|Any CPU
		{45498084-6EA0-4C63-A6F8-5299F2E4B66C}.Debug|Any CPU.Build.0 = Debug|Any CPU
		{45498084-6EA0-4C63-A6F8-5299F2E4B66C}.Release|Any CPU.ActiveCfg = Release|Any CPU
		{45498084-6EA0-4C63-A6F8-5299F2E4B66C}.Release|Any CPU.Build.0 = Release|Any CPU
		{442B587D-908D-42E1-95BC-6DA1C980E611}.Debug|Any CPU.ActiveCfg = Debug|Any CPU
		{442B587D-908D-42E1-95BC-6DA1C980E611}.Debug|Any CPU.Build.0 = Debug|Any CPU
		{442B587D-908D-42E1-95BC-6DA1C980E611}.Release|Any CPU.ActiveCfg = Release|Any CPU
		{442B587D-908D-42E1-95BC-6DA1C980E611}.Release|Any CPU.Build.0 = Release|Any CPU
		{4274E399-6696-4FC6-A4DC-65B76D9D16C0}.Debug|Any CPU.ActiveCfg = Debug|Any CPU
		{4274E399-6696-4FC6-A4DC-65B76D9D16C0}.Debug|Any CPU.Build.0 = Debug|Any CPU
		{4274E399-6696-4FC6-A4DC-65B76D9D16C0}.Release|Any CPU.ActiveCfg = Release|Any CPU
		{4274E399-6696-4FC6-A4DC-65B76D9D16C0}.Release|Any CPU.Build.0 = Release|Any CPU
	EndGlobalSection
	GlobalSection(SolutionProperties) = preSolution
		HideSolutionNode = FALSE
	EndGlobalSection
	GlobalSection(ExtensibilityGlobals) = postSolution
		SolutionGuid = {CA90EA24-46B6-453E-81D9-AD39E0FD4E1F}
	EndGlobalSection
EndGlobal
